// !$*UTF8*$!
{
	archiveVersion = 1;
	classes = {
	};
	objectVersion = 51;
	objects = {

/* Begin PBXBuildFile section */
		3D0939B1237F9F730096ECCC /* AppDelegate.swift in Sources */ = {isa = PBXBuildFile; fileRef = 3D0939B0237F9F730096ECCC /* AppDelegate.swift */; };
		3D0939B3237F9F730096ECCC /* SceneDelegate.swift in Sources */ = {isa = PBXBuildFile; fileRef = 3D0939B2237F9F730096ECCC /* SceneDelegate.swift */; };
		3D0939B5237F9F730096ECCC /* ViewController.swift in Sources */ = {isa = PBXBuildFile; fileRef = 3D0939B4237F9F730096ECCC /* ViewController.swift */; };
		3D0939B8237F9F730096ECCC /* Main.storyboard in Resources */ = {isa = PBXBuildFile; fileRef = 3D0939B6237F9F730096ECCC /* Main.storyboard */; };
		3D0939BA237F9F750096ECCC /* Assets.xcassets in Resources */ = {isa = PBXBuildFile; fileRef = 3D0939B9237F9F750096ECCC /* Assets.xcassets */; };
		3D0939BD237F9F750096ECCC /* LaunchScreen.storyboard in Resources */ = {isa = PBXBuildFile; fileRef = 3D0939BB237F9F750096ECCC /* LaunchScreen.storyboard */; };
		3D74E54623807F1A00114DDE /* GoogleService-Info.plist in Resources */ = {isa = PBXBuildFile; fileRef = 3D74E54523807F1A00114DDE /* GoogleService-Info.plist */; };
		3D981ACB23808F5500BCED7D /* user.swift in Sources */ = {isa = PBXBuildFile; fileRef = 3D981ACA23808F5500BCED7D /* user.swift */; };
		E70ACA5A59C2ECED6B516291 /* Pods_TubeIOS.framework in Frameworks */ = {isa = PBXBuildFile; fileRef = ABBEF8ED0F461CF862F92C89 /* Pods_TubeIOS.framework */; };
/* End PBXBuildFile section */

/* Begin PBXFileReference section */
		3D0939AD237F9F730096ECCC /* TubeIOS.app */ = {isa = PBXFileReference; explicitFileType = wrapper.application; includeInIndex = 0; path = TubeIOS.app; sourceTree = BUILT_PRODUCTS_DIR; };
		3D0939B0237F9F730096ECCC /* AppDelegate.swift */ = {isa = PBXFileReference; lastKnownFileType = sourcecode.swift; path = AppDelegate.swift; sourceTree = "<group>"; };
		3D0939B2237F9F730096ECCC /* SceneDelegate.swift */ = {isa = PBXFileReference; lastKnownFileType = sourcecode.swift; path = SceneDelegate.swift; sourceTree = "<group>"; };
		3D0939B4237F9F730096ECCC /* ViewController.swift */ = {isa = PBXFileReference; lastKnownFileType = sourcecode.swift; path = ViewController.swift; sourceTree = "<group>"; };
		3D0939B7237F9F730096ECCC /* Base */ = {isa = PBXFileReference; lastKnownFileType = file.storyboard; name = Base; path = Base.lproj/Main.storyboard; sourceTree = "<group>"; };
		3D0939B9237F9F750096ECCC /* Assets.xcassets */ = {isa = PBXFileReference; lastKnownFileType = folder.assetcatalog; path = Assets.xcassets; sourceTree = "<group>"; };
		3D0939BC237F9F750096ECCC /* Base */ = {isa = PBXFileReference; lastKnownFileType = file.storyboard; name = Base; path = Base.lproj/LaunchScreen.storyboard; sourceTree = "<group>"; };
		3D0939BE237F9F750096ECCC /* Info.plist */ = {isa = PBXFileReference; lastKnownFileType = text.plist.xml; path = Info.plist; sourceTree = "<group>"; };
		3D74E54523807F1A00114DDE /* GoogleService-Info.plist */ = {isa = PBXFileReference; fileEncoding = 4; lastKnownFileType = text.plist.xml; path = "GoogleService-Info.plist"; sourceTree = "<group>"; };
		3D981ACA23808F5500BCED7D /* user.swift */ = {isa = PBXFileReference; lastKnownFileType = sourcecode.swift; path = user.swift; sourceTree = "<group>"; };
		822559F56F3631BD7ACC5A90 /* Pods-TubeIOS.debug.xcconfig */ = {isa = PBXFileReference; includeInIndex = 1; lastKnownFileType = text.xcconfig; name = "Pods-TubeIOS.debug.xcconfig"; path = "Target Support Files/Pods-TubeIOS/Pods-TubeIOS.debug.xcconfig"; sourceTree = "<group>"; };
		ABBEF8ED0F461CF862F92C89 /* Pods_TubeIOS.framework */ = {isa = PBXFileReference; explicitFileType = wrapper.framework; includeInIndex = 0; path = Pods_TubeIOS.framework; sourceTree = BUILT_PRODUCTS_DIR; };
		FFBD529A076CF3F9DFC05E9A /* Pods-TubeIOS.release.xcconfig */ = {isa = PBXFileReference; includeInIndex = 1; lastKnownFileType = text.xcconfig; name = "Pods-TubeIOS.release.xcconfig"; path = "Target Support Files/Pods-TubeIOS/Pods-TubeIOS.release.xcconfig"; sourceTree = "<group>"; };
/* End PBXFileReference section */

/* Begin PBXFrameworksBuildPhase section */
		3D0939AA237F9F730096ECCC /* Frameworks */ = {
			isa = PBXFrameworksBuildPhase;
			buildActionMask = 2147483647;
			files = (
				E70ACA5A59C2ECED6B516291 /* Pods_TubeIOS.framework in Frameworks */,
			);
			runOnlyForDeploymentPostprocessing = 0;
		};
/* End PBXFrameworksBuildPhase section */

/* Begin PBXGroup section */
		2944A488CF198EA4FD2693B4 /* Pods */ = {
			isa = PBXGroup;
			children = (
				822559F56F3631BD7ACC5A90 /* Pods-TubeIOS.debug.xcconfig */,
				FFBD529A076CF3F9DFC05E9A /* Pods-TubeIOS.release.xcconfig */,
			);
			path = Pods;
			sourceTree = "<group>";
		};
		3D0939A4237F9F730096ECCC = {
			isa = PBXGroup;
			children = (
				3D0939AF237F9F730096ECCC /* TubeIOS */,
				3D0939AE237F9F730096ECCC /* Products */,
				2944A488CF198EA4FD2693B4 /* Pods */,
				D875775CB13329C7ED55D011 /* Frameworks */,
			);
			sourceTree = "<group>";
		};
		3D0939AE237F9F730096ECCC /* Products */ = {
			isa = PBXGroup;
			children = (
				3D0939AD237F9F730096ECCC /* TubeIOS.app */,
			);
			name = Products;
			sourceTree = "<group>";
		};
		3D0939AF237F9F730096ECCC /* TubeIOS */ = {
			isa = PBXGroup;
			children = (
				3D0939B0237F9F730096ECCC /* AppDelegate.swift */,
				3D0939B2237F9F730096ECCC /* SceneDelegate.swift */,
				3D0939B4237F9F730096ECCC /* ViewController.swift */,
				3D981ACA23808F5500BCED7D /* user.swift */,
				3D74E54523807F1A00114DDE /* GoogleService-Info.plist */,
				3D0939B6237F9F730096ECCC /* Main.storyboard */,
				3D0939B9237F9F750096ECCC /* Assets.xcassets */,
				3D0939BB237F9F750096ECCC /* LaunchScreen.storyboard */,
				3D0939BE237F9F750096ECCC /* Info.plist */,
			);
			path = TubeIOS;
			sourceTree = "<group>";
		};
		D875775CB13329C7ED55D011 /* Frameworks */ = {
			isa = PBXGroup;
			children = (
				ABBEF8ED0F461CF862F92C89 /* Pods_TubeIOS.framework */,
			);
			name = Frameworks;
			sourceTree = "<group>";
		};
/* End PBXGroup section */

/* Begin PBXNativeTarget section */
		3D0939AC237F9F730096ECCC /* TubeIOS */ = {
			isa = PBXNativeTarget;
			buildConfigurationList = 3D0939C1237F9F750096ECCC /* Build configuration list for PBXNativeTarget "TubeIOS" */;
			buildPhases = (
				5A0C5CA58AC6668B2E9638EB /* [CP] Check Pods Manifest.lock */,
				3D0939A9237F9F730096ECCC /* Sources */,
				3D0939AA237F9F730096ECCC /* Frameworks */,
				3D0939AB237F9F730096ECCC /* Resources */,
				9E1CFE0FAA54BB432996FBCC /* [CP] Embed Pods Frameworks */,
			);
			buildRules = (
			);
			dependencies = (
			);
			name = TubeIOS;
			productName = TubeIOS;
			productReference = 3D0939AD237F9F730096ECCC /* TubeIOS.app */;
			productType = "com.apple.product-type.application";
		};
/* End PBXNativeTarget section */

/* Begin PBXProject section */
		3D0939A5237F9F730096ECCC /* Project object */ = {
			isa = PBXProject;
			attributes = {
				LastSwiftUpdateCheck = 1110;
				LastUpgradeCheck = 1110;
				ORGANIZATIONNAME = "Anshul Ahluwalia";
				TargetAttributes = {
					3D0939AC237F9F730096ECCC = {
						CreatedOnToolsVersion = 11.1;
					};
				};
			};
			buildConfigurationList = 3D0939A8237F9F730096ECCC /* Build configuration list for PBXProject "TubeIOS" */;
			compatibilityVersion = "Xcode 9.3";
			developmentRegion = en;
			hasScannedForEncodings = 0;
			knownRegions = (
				en,
				Base,
			);
			mainGroup = 3D0939A4237F9F730096ECCC;
			productRefGroup = 3D0939AE237F9F730096ECCC /* Products */;
			projectDirPath = "";
			projectRoot = "";
			targets = (
				3D0939AC237F9F730096ECCC /* TubeIOS */,
			);
		};
/* End PBXProject section */

/* Begin PBXResourcesBuildPhase section */
		3D0939AB237F9F730096ECCC /* Resources */ = {
			isa = PBXResourcesBuildPhase;
			buildActionMask = 2147483647;
			files = (
				3D0939BD237F9F750096ECCC /* LaunchScreen.storyboard in Resources */,
				3D74E54623807F1A00114DDE /* GoogleService-Info.plist in Resources */,
				3D0939BA237F9F750096ECCC /* Assets.xcassets in Resources */,
				3D0939B8237F9F730096ECCC /* Main.storyboard in Resources */,
			);
			runOnlyForDeploymentPostprocessing = 0;
		};
/* End PBXResourcesBuildPhase section */

/* Begin PBXShellScriptBuildPhase section */
		5A0C5CA58AC6668B2E9638EB /* [CP] Check Pods Manifest.lock */ = {
			isa = PBXShellScriptBuildPhase;
			buildActionMask = 2147483647;
			files = (
			);
			inputFileListPaths = (
			);
			inputPaths = (
				"${PODS_PODFILE_DIR_PATH}/Podfile.lock",
				"${PODS_ROOT}/Manifest.lock",
			);
			name = "[CP] Check Pods Manifest.lock";
			outputFileListPaths = (
			);
			outputPaths = (
				"$(DERIVED_FILE_DIR)/Pods-TubeIOS-checkManifestLockResult.txt",
			);
			runOnlyForDeploymentPostprocessing = 0;
			shellPath = /bin/sh;
			shellScript = "diff \"${PODS_PODFILE_DIR_PATH}/Podfile.lock\" \"${PODS_ROOT}/Manifest.lock\" > /dev/null\nif [ $? != 0 ] ; then\n    # print error to STDERR\n    echo \"error: The sandbox is not in sync with the Podfile.lock. Run 'pod install' or update your CocoaPods installation.\" >&2\n    exit 1\nfi\n# This output is used by Xcode 'outputs' to avoid re-running this script phase.\necho \"SUCCESS\" > \"${SCRIPT_OUTPUT_FILE_0}\"\n";
			showEnvVarsInLog = 0;
		};
		9E1CFE0FAA54BB432996FBCC /* [CP] Embed Pods Frameworks */ = {
			isa = PBXShellScriptBuildPhase;
			buildActionMask = 2147483647;
			files = (
			);
			inputFileListPaths = (
				"${PODS_ROOT}/Target Support Files/Pods-TubeIOS/Pods-TubeIOS-frameworks-${CONFIGURATION}-input-files.xcfilelist",
			);
			name = "[CP] Embed Pods Frameworks";
			outputFileListPaths = (
				"${PODS_ROOT}/Target Support Files/Pods-TubeIOS/Pods-TubeIOS-frameworks-${CONFIGURATION}-output-files.xcfilelist",
			);
			runOnlyForDeploymentPostprocessing = 0;
			shellPath = /bin/sh;
			shellScript = "\"${PODS_ROOT}/Target Support Files/Pods-TubeIOS/Pods-TubeIOS-frameworks.sh\"\n";
			showEnvVarsInLog = 0;
		};
/* End PBXShellScriptBuildPhase section */

/* Begin PBXSourcesBuildPhase section */
		3D0939A9237F9F730096ECCC /* Sources */ = {
			isa = PBXSourcesBuildPhase;
			buildActionMask = 2147483647;
			files = (
				3D981ACB23808F5500BCED7D /* user.swift in Sources */,
				3D0939B5237F9F730096ECCC /* ViewController.swift in Sources */,
				3D0939B1237F9F730096ECCC /* AppDelegate.swift in Sources */,
				3D0939B3237F9F730096ECCC /* SceneDelegate.swift in Sources */,
			);
			runOnlyForDeploymentPostprocessing = 0;
		};
/* End PBXSourcesBuildPhase section */

/* Begin PBXVariantGroup section */
		3D0939B6237F9F730096ECCC /* Main.storyboard */ = {
			isa = PBXVariantGroup;
			children = (
				3D0939B7237F9F730096ECCC /* Base */,
			);
			name = Main.storyboard;
			sourceTree = "<group>";
		};
		3D0939BB237F9F750096ECCC /* LaunchScreen.storyboard */ = {
			isa = PBXVariantGroup;
			children = (
				3D0939BC237F9F750096ECCC /* Base */,
			);
			name = LaunchScreen.storyboard;
			sourceTree = "<group>";
		};
/* End PBXVariantGroup section */

/* Begin XCBuildConfiguration section */
		3D0939BF237F9F750096ECCC /* Debug */ = {
			isa = XCBuildConfiguration;
			buildSettings = {
				ALWAYS_SEARCH_USER_PATHS = NO;
				CLANG_ANALYZER_NONNULL = YES;
				CLANG_ANALYZER_NUMBER_OBJECT_CONVERSION = YES_AGGRESSIVE;
				CLANG_CXX_LANGUAGE_STANDARD = "gnu++14";
				CLANG_CXX_LIBRARY = "libc++";
				CLANG_ENABLE_MODULES = YES;
				CLANG_ENABLE_OBJC_ARC = YES;
				CLANG_ENABLE_OBJC_WEAK = YES;
				CLANG_WARN_BLOCK_CAPTURE_AUTORELEASING = YES;
				CLANG_WARN_BOOL_CONVERSION = YES;
				CLANG_WARN_COMMA = YES;
				CLANG_WARN_CONSTANT_CONVERSION = YES;
				CLANG_WARN_DEPRECATED_OBJC_IMPLEMENTATIONS = YES;
				CLANG_WARN_DIRECT_OBJC_ISA_USAGE = YES_ERROR;
				CLANG_WARN_DOCUMENTATION_COMMENTS = YES;
				CLANG_WARN_EMPTY_BODY = YES;
				CLANG_WARN_ENUM_CONVERSION = YES;
				CLANG_WARN_INFINITE_RECURSION = YES;
				CLANG_WARN_INT_CONVERSION = YES;
				CLANG_WARN_NON_LITERAL_NULL_CONVERSION = YES;
				CLANG_WARN_OBJC_IMPLICIT_RETAIN_SELF = YES;
				CLANG_WARN_OBJC_LITERAL_CONVERSION = YES;
				CLANG_WARN_OBJC_ROOT_CLASS = YES_ERROR;
				CLANG_WARN_RANGE_LOOP_ANALYSIS = YES;
				CLANG_WARN_STRICT_PROTOTYPES = YES;
				CLANG_WARN_SUSPICIOUS_MOVE = YES;
				CLANG_WARN_UNGUARDED_AVAILABILITY = YES_AGGRESSIVE;
				CLANG_WARN_UNREACHABLE_CODE = YES;
				CLANG_WARN__DUPLICATE_METHOD_MATCH = YES;
				COPY_PHASE_STRIP = NO;
				DEBUG_INFORMATION_FORMAT = dwarf;
				ENABLE_STRICT_OBJC_MSGSEND = YES;
				ENABLE_TESTABILITY = YES;
				GCC_C_LANGUAGE_STANDARD = gnu11;
				GCC_DYNAMIC_NO_PIC = NO;
				GCC_NO_COMMON_BLOCKS = YES;
				GCC_OPTIMIZATION_LEVEL = 0;
				GCC_PREPROCESSOR_DEFINITIONS = (
					"DEBUG=1",
					"$(inherited)",
				);
				GCC_WARN_64_TO_32_BIT_CONVERSION = YES;
				GCC_WARN_ABOUT_RETURN_TYPE = YES_ERROR;
				GCC_WARN_UNDECLARED_SELECTOR = YES;
				GCC_WARN_UNINITIALIZED_AUTOS = YES_AGGRESSIVE;
				GCC_WARN_UNUSED_FUNCTION = YES;
				GCC_WARN_UNUSED_VARIABLE = YES;
				IPHONEOS_DEPLOYMENT_TARGET = 13.1;
				MTL_ENABLE_DEBUG_INFO = INCLUDE_SOURCE;
				MTL_FAST_MATH = YES;
				ONLY_ACTIVE_ARCH = YES;
				SDKROOT = iphoneos;
				SWIFT_ACTIVE_COMPILATION_CONDITIONS = DEBUG;
				SWIFT_OPTIMIZATION_LEVEL = "-Onone";
			};
			name = Debug;
		};
		3D0939C0237F9F750096ECCC /* Release */ = {
			isa = XCBuildConfiguration;
			buildSettings = {
				ALWAYS_SEARCH_USER_PATHS = NO;
				CLANG_ANALYZER_NONNULL = YES;
				CLANG_ANALYZER_NUMBER_OBJECT_CONVERSION = YES_AGGRESSIVE;
				CLANG_CXX_LANGUAGE_STANDARD = "gnu++14";
				CLANG_CXX_LIBRARY = "libc++";
				CLANG_ENABLE_MODULES = YES;
				CLANG_ENABLE_OBJC_ARC = YES;
				CLANG_ENABLE_OBJC_WEAK = YES;
				CLANG_WARN_BLOCK_CAPTURE_AUTORELEASING = YES;
				CLANG_WARN_BOOL_CONVERSION = YES;
				CLANG_WARN_COMMA = YES;
				CLANG_WARN_CONSTANT_CONVERSION = YES;
				CLANG_WARN_DEPRECATED_OBJC_IMPLEMENTATIONS = YES;
				CLANG_WARN_DIRECT_OBJC_ISA_USAGE = YES_ERROR;
				CLANG_WARN_DOCUMENTATION_COMMENTS = YES;
				CLANG_WARN_EMPTY_BODY = YES;
				CLANG_WARN_ENUM_CONVERSION = YES;
				CLANG_WARN_INFINITE_RECURSION = YES;
				CLANG_WARN_INT_CONVERSION = YES;
				CLANG_WARN_NON_LITERAL_NULL_CONVERSION = YES;
				CLANG_WARN_OBJC_IMPLICIT_RETAIN_SELF = YES;
				CLANG_WARN_OBJC_LITERAL_CONVERSION = YES;
				CLANG_WARN_OBJC_ROOT_CLASS = YES_ERROR;
				CLANG_WARN_RANGE_LOOP_ANALYSIS = YES;
				CLANG_WARN_STRICT_PROTOTYPES = YES;
				CLANG_WARN_SUSPICIOUS_MOVE = YES;
				CLANG_WARN_UNGUARDED_AVAILABILITY = YES_AGGRESSIVE;
				CLANG_WARN_UNREACHABLE_CODE = YES;
				CLANG_WARN__DUPLICATE_METHOD_MATCH = YES;
				COPY_PHASE_STRIP = NO;
				DEBUG_INFORMATION_FORMAT = "dwarf-with-dsym";
				ENABLE_NS_ASSERTIONS = NO;
				ENABLE_STRICT_OBJC_MSGSEND = YES;
				GCC_C_LANGUAGE_STANDARD = gnu11;
				GCC_NO_COMMON_BLOCKS = YES;
				GCC_WARN_64_TO_32_BIT_CONVERSION = YES;
				GCC_WARN_ABOUT_RETURN_TYPE = YES_ERROR;
				GCC_WARN_UNDECLARED_SELECTOR = YES;
				GCC_WARN_UNINITIALIZED_AUTOS = YES_AGGRESSIVE;
				GCC_WARN_UNUSED_FUNCTION = YES;
				GCC_WARN_UNUSED_VARIABLE = YES;
				IPHONEOS_DEPLOYMENT_TARGET = 13.1;
				MTL_ENABLE_DEBUG_INFO = NO;
				MTL_FAST_MATH = YES;
				SDKROOT = iphoneos;
				SWIFT_COMPILATION_MODE = wholemodule;
				SWIFT_OPTIMIZATION_LEVEL = "-O";
				VALIDATE_PRODUCT = YES;
			};
			name = Release;
		};
		3D0939C2237F9F750096ECCC /* Debug */ = {
			isa = XCBuildConfiguration;
			baseConfigurationReference = 822559F56F3631BD7ACC5A90 /* Pods-TubeIOS.debug.xcconfig */;
			buildSettings = {
				ASSETCATALOG_COMPILER_APPICON_NAME = AppIcon;
				CODE_SIGN_STYLE = Automatic;
				DEVELOPMENT_TEAM = Q6F6W53NXP;
				INFOPLIST_FILE = TubeIOS/Info.plist;
				LD_RUNPATH_SEARCH_PATHS = (
					"$(inherited)",
					"@executable_path/Frameworks",
				);
				PRODUCT_BUNDLE_IDENTIFIER = Fitup.TubeIOS;
				PRODUCT_NAME = "$(TARGET_NAME)";
				SWIFT_VERSION = 5.0;
				TARGETED_DEVICE_FAMILY = "1,2";
			};
			name = Debug;
		};
		3D0939C3237F9F750096ECCC /* Release */ = {
			isa = XCBuildConfiguration;
			baseConfigurationReference = FFBD529A076CF3F9DFC05E9A /* Pods-TubeIOS.release.xcconfig */;
			buildSettings = {
				ASSETCATALOG_COMPILER_APPICON_NAME = AppIcon;
				CODE_SIGN_STYLE = Automatic;
				DEVELOPMENT_TEAM = Q6F6W53NXP;
				INFOPLIST_FILE = TubeIOS/Info.plist;
				LD_RUNPATH_SEARCH_PATHS = (
					"$(inherited)",
					"@executable_path/Frameworks",
				);
				PRODUCT_BUNDLE_IDENTIFIER = Fitup.TubeIOS;
				PRODUCT_NAME = "$(TARGET_NAME)";
				SWIFT_VERSION = 5.0;
				TARGETED_DEVICE_FAMILY = "1,2";
			};
			name = Release;
		};
/* End XCBuildConfiguration section */

/* Begin XCConfigurationList section */
		3D0939A8237F9F730096ECCC /* Build configuration list for PBXProject "TubeIOS" */ = {
			isa = XCConfigurationList;
			buildConfigurations = (
				3D0939BF237F9F750096ECCC /* Debug */,
				3D0939C0237F9F750096ECCC /* Release */,
			);
			defaultConfigurationIsVisible = 0;
			defaultConfigurationName = Release;
		};
		3D0939C1237F9F750096ECCC /* Build configuration list for PBXNativeTarget "TubeIOS" */ = {
			isa = XCConfigurationList;
			buildConfigurations = (
				3D0939C2237F9F750096ECCC /* Debug */,
				3D0939C3237F9F750096ECCC /* Release */,
			);
			defaultConfigurationIsVisible = 0;
			defaultConfigurationName = Release;
		};
/* End XCConfigurationList section */
	};
	rootObject = 3D0939A5237F9F730096ECCC /* Project object */;
}
